{
  "originHash" : "d28c051f0e48f0aa541e614b8ea1611d13a137cb0c5ab80570d841fd9fb2c2b2",
  "pins" : [
    {
      "identity" : "wwaudiostreamtranscription",
      "kind" : "remoteSourceControl",
      "location" : "https://github.com/William-Weng/WWAudioStreamTranscription",
      "state" : {
        "revision" : "baec2782e71b40d6528e80676fef6f4a11fb7656",
        "version" : "0.5.1"
      }
    },
    {
      "identity" : "wwmicrophoneinput",
      "kind" : "remoteSourceControl",
      "location" : "https://github.com/William-Weng/WWMicrophoneInput",
      "state" : {
        "revision" : "92fbbac953ae0f6f71d4b697086fd3ce8bf51736",
        "version" : "0.5.2"
      }
    }
  ],
  "version" : 3
}
